
Microsoft Visual Studio Solution File, Format Version 12.00
# Visual Studio 15
VisualStudioVersion = 15.0.27428.2037
MinimumVisualStudioVersion = 10.0.40219.1
Project("{FAE04EC0-301F-11D3-BF4B-00C04F79EFBC}") = "WebApiSQL", "WebApiSQL\WebApiSQL.csproj", "{2D747095-3DC4-4348-952C-EF5C99DB5BD7}"
EndProject
Project("{FAE04EC0-301F-11D3-BF4B-00C04F79EFBC}") = "ConsultaDB.SqlServer", "ConsultaDB.SqlServer\ConsultaDB.SqlServer.csproj", "{6D05EE21-18CF-4C1D-9A1D-97C034D2124C}"
EndProject
Project("{FAE04EC0-301F-11D3-BF4B-00C04F79EFBC}") = "ConsultaDB.Interfaces", "ConsultaDB.Interfaces\ConsultaDB.Interfaces.csproj", "{64CF0F7C-5B3C-47B5-ABD3-5A7366B6CC81}"
EndProject
Project("{FAE04EC0-301F-11D3-BF4B-00C04F79EFBC}") = "ConsultaDB.Entities", "ConsultaDB.Entities\ConsultaDB.Entities.csproj", "{56D8CFB1-3783-4896-AB2C-500D4670BE97}"
EndProject
Project("{FAE04EC0-301F-11D3-BF4B-00C04F79EFBC}") = "ConsultaDB.BL", "ConsultaBD.BL\ConsultaDB.BL.csproj", "{39379449-929E-4E63-B2A1-BB7DFC0DF19B}"
EndProject
Global
	GlobalSection(SolutionConfigurationPlatforms) = preSolution
		Debug|Any CPU = Debug|Any CPU
		Release|Any CPU = Release|Any CPU
	EndGlobalSection
	GlobalSection(ProjectConfigurationPlatforms) = postSolution
		{2D747095-3DC4-4348-952C-EF5C99DB5BD7}.Debug|Any CPU.ActiveCfg = Debug|Any CPU
		{2D747095-3DC4-4348-952C-EF5C99DB5BD7}.Debug|Any CPU.Build.0 = Debug|Any CPU
		{2D747095-3DC4-4348-952C-EF5C99DB5BD7}.Release|Any CPU.ActiveCfg = Release|Any CPU
		{2D747095-3DC4-4348-952C-EF5C99DB5BD7}.Release|Any CPU.Build.0 = Release|Any CPU
		{6D05EE21-18CF-4C1D-9A1D-97C034D2124C}.Debug|Any CPU.ActiveCfg = Debug|Any CPU
		{6D05EE21-18CF-4C1D-9A1D-97C034D2124C}.Debug|Any CPU.Build.0 = Debug|Any CPU
		{6D05EE21-18CF-4C1D-9A1D-97C034D2124C}.Release|Any CPU.ActiveCfg = Release|Any CPU
		{6D05EE21-18CF-4C1D-9A1D-97C034D2124C}.Release|Any CPU.Build.0 = Release|Any CPU
		{64CF0F7C-5B3C-47B5-ABD3-5A7366B6CC81}.Debug|Any CPU.ActiveCfg = Debug|Any CPU
		{64CF0F7C-5B3C-47B5-ABD3-5A7366B6CC81}.Debug|Any CPU.Build.0 = Debug|Any CPU
		{64CF0F7C-5B3C-47B5-ABD3-5A7366B6CC81}.Release|Any CPU.ActiveCfg = Release|Any CPU
		{64CF0F7C-5B3C-47B5-ABD3-5A7366B6CC81}.Release|Any CPU.Build.0 = Release|Any CPU
		{56D8CFB1-3783-4896-AB2C-500D4670BE97}.Debug|Any CPU.ActiveCfg = Debug|Any CPU
		{56D8CFB1-3783-4896-AB2C-500D4670BE97}.Debug|Any CPU.Build.0 = Debug|Any CPU
		{56D8CFB1-3783-4896-AB2C-500D4670BE97}.Release|Any CPU.ActiveCfg = Release|Any CPU
		{56D8CFB1-3783-4896-AB2C-500D4670BE97}.Release|Any CPU.Build.0 = Release|Any CPU
		{39379449-929E-4E63-B2A1-BB7DFC0DF19B}.Debug|Any CPU.ActiveCfg = Debug|Any CPU
		{39379449-929E-4E63-B2A1-BB7DFC0DF19B}.Debug|Any CPU.Build.0 = Debug|Any CPU
		{39379449-929E-4E63-B2A1-BB7DFC0DF19B}.Release|Any CPU.ActiveCfg = Release|Any CPU
		{39379449-929E-4E63-B2A1-BB7DFC0DF19B}.Release|Any CPU.Build.0 = Release|Any CPU
	EndGlobalSection
	GlobalSection(SolutionProperties) = preSolution
		HideSolutionNode = FALSE
	EndGlobalSection
	GlobalSection(ExtensibilityGlobals) = postSolution
		SolutionGuid = {EC9E5370-E7B4-4659-8842-CB67431C09C7}
	EndGlobalSection
EndGlobal
